
Microsoft Visual Studio Solution File, Format Version 12.00
# Visual Studio 15
VisualStudioVersion = 15.0.28307.168
MinimumVisualStudioVersion = 10.0.40219.1
Project("{FAE04EC0-301F-11D3-BF4B-00C04F79EFBC}") = "ListViewOwnerDrawSample", "ListViewOwnerDrawSample\ListViewOwnerDrawSample.csproj", "{C8111FC0-0683-4C7B-84C9-35B190053B67}"
EndProject
Global
	GlobalSection(SolutionConfigurationPlatforms) = preSolution
		Debug|Any CPU = Debug|Any CPU
		Release|Any CPU = Release|Any CPU
	EndGlobalSection
	GlobalSection(ProjectConfigurationPlatforms) = postSolution
		{C8111FC0-0683-4C7B-84C9-35B190053B67}.Debug|Any CPU.ActiveCfg = Debug|Any CPU
		{C8111FC0-0683-4C7B-84C9-35B190053B67}.Debug|Any CPU.Build.0 = Debug|Any CPU
		{C8111FC0-0683-4C7B-84C9-35B190053B67}.Release|Any CPU.ActiveCfg = Release|Any CPU
		{C8111FC0-0683-4C7B-84C9-35B190053B67}.Release|Any CPU.Build.0 = Release|Any CPU
	EndGlobalSection
	GlobalSection(SolutionProperties) = preSolution
		HideSolutionNode = FALSE
	EndGlobalSection
	GlobalSection(ExtensibilityGlobals) = postSolution
		SolutionGuid = {C55D4AE9-05B7-4297-BA50-032125662353}
	EndGlobalSection
EndGlobal
