
Microsoft Visual Studio Solution File, Format Version 12.00
# Visual Studio 15
VisualStudioVersion = 15.0.28307.645
MinimumVisualStudioVersion = 10.0.40219.1
Project("{FAE04EC0-301F-11D3-BF4B-00C04F79EFBC}") = "DesignPatternsAB", "DesignPatternsAB\DesignPatternsAB.csproj", "{706945F0-F109-4AC9-A28D-0B345AC95036}"
EndProject
Global
	GlobalSection(SolutionConfigurationPlatforms) = preSolution
		Debug|Any CPU = Debug|Any CPU
		Release|Any CPU = Release|Any CPU
	EndGlobalSection
	GlobalSection(ProjectConfigurationPlatforms) = postSolution
		{706945F0-F109-4AC9-A28D-0B345AC95036}.Debug|Any CPU.ActiveCfg = Debug|Any CPU
		{706945F0-F109-4AC9-A28D-0B345AC95036}.Debug|Any CPU.Build.0 = Debug|Any CPU
		{706945F0-F109-4AC9-A28D-0B345AC95036}.Release|Any CPU.ActiveCfg = Release|Any CPU
		{706945F0-F109-4AC9-A28D-0B345AC95036}.Release|Any CPU.Build.0 = Release|Any CPU
	EndGlobalSection
	GlobalSection(SolutionProperties) = preSolution
		HideSolutionNode = FALSE
	EndGlobalSection
	GlobalSection(ExtensibilityGlobals) = postSolution
		SolutionGuid = {65C90C56-DA00-43B0-B3D9-249A5E99DE6E}
	EndGlobalSection
EndGlobal
