
Microsoft Visual Studio Solution File, Format Version 12.00
# Visual Studio Version 16
VisualStudioVersion = 16.0.31515.178
MinimumVisualStudioVersion = 10.0.40219.1
Project("{9A19103F-16F7-4668-BE54-9A1E7A4F7556}") = "SOLIDApp", "SOLIDApp\SOLIDApp.csproj", "{ED2CC0AD-4978-4C5B-8360-12F1DCB8EE17}"
EndProject
Project("{9A19103F-16F7-4668-BE54-9A1E7A4F7556}") = "SRPLibrary", "SRPLibrary\SRPLibrary.csproj", "{08978992-7117-4B21-A2A8-F85D8CC136FD}"
EndProject
Project("{9A19103F-16F7-4668-BE54-9A1E7A4F7556}") = "OCPLibrary", "OCPLibrary\OCPLibrary.csproj", "{C6217C17-F709-49F8-9A25-E834EB03090A}"
EndProject
Project("{9A19103F-16F7-4668-BE54-9A1E7A4F7556}") = "LSPLibrary", "LSPLibrary\LSPLibrary.csproj", "{10772374-3A58-41B1-A290-F2297B6D4630}"
EndProject
Project("{9A19103F-16F7-4668-BE54-9A1E7A4F7556}") = "ISPLibrary", "ISPLibrary\ISPLibrary.csproj", "{2AED0393-1688-41F5-811E-8F2CF8F09F07}"
EndProject
Project("{FAE04EC0-301F-11D3-BF4B-00C04F79EFBC}") = "DIPLibrary", "DIPLibrary\DIPLibrary.csproj", "{4BB04802-ADBB-43E0-A51F-FD260152B0B8}"
EndProject
Global
	GlobalSection(SolutionConfigurationPlatforms) = preSolution
		Debug|Any CPU = Debug|Any CPU
		Release|Any CPU = Release|Any CPU
	EndGlobalSection
	GlobalSection(ProjectConfigurationPlatforms) = postSolution
		{ED2CC0AD-4978-4C5B-8360-12F1DCB8EE17}.Debug|Any CPU.ActiveCfg = Debug|Any CPU
		{ED2CC0AD-4978-4C5B-8360-12F1DCB8EE17}.Debug|Any CPU.Build.0 = Debug|Any CPU
		{ED2CC0AD-4978-4C5B-8360-12F1DCB8EE17}.Release|Any CPU.ActiveCfg = Release|Any CPU
		{ED2CC0AD-4978-4C5B-8360-12F1DCB8EE17}.Release|Any CPU.Build.0 = Release|Any CPU
		{08978992-7117-4B21-A2A8-F85D8CC136FD}.Debug|Any CPU.ActiveCfg = Debug|Any CPU
		{08978992-7117-4B21-A2A8-F85D8CC136FD}.Debug|Any CPU.Build.0 = Debug|Any CPU
		{08978992-7117-4B21-A2A8-F85D8CC136FD}.Release|Any CPU.ActiveCfg = Release|Any CPU
		{08978992-7117-4B21-A2A8-F85D8CC136FD}.Release|Any CPU.Build.0 = Release|Any CPU
		{C6217C17-F709-49F8-9A25-E834EB03090A}.Debug|Any CPU.ActiveCfg = Debug|Any CPU
		{C6217C17-F709-49F8-9A25-E834EB03090A}.Debug|Any CPU.Build.0 = Debug|Any CPU
		{C6217C17-F709-49F8-9A25-E834EB03090A}.Release|Any CPU.ActiveCfg = Release|Any CPU
		{C6217C17-F709-49F8-9A25-E834EB03090A}.Release|Any CPU.Build.0 = Release|Any CPU
		{10772374-3A58-41B1-A290-F2297B6D4630}.Debug|Any CPU.ActiveCfg = Debug|Any CPU
		{10772374-3A58-41B1-A290-F2297B6D4630}.Debug|Any CPU.Build.0 = Debug|Any CPU
		{10772374-3A58-41B1-A290-F2297B6D4630}.Release|Any CPU.ActiveCfg = Release|Any CPU
		{10772374-3A58-41B1-A290-F2297B6D4630}.Release|Any CPU.Build.0 = Release|Any CPU
		{2AED0393-1688-41F5-811E-8F2CF8F09F07}.Debug|Any CPU.ActiveCfg = Debug|Any CPU
		{2AED0393-1688-41F5-811E-8F2CF8F09F07}.Debug|Any CPU.Build.0 = Debug|Any CPU
		{2AED0393-1688-41F5-811E-8F2CF8F09F07}.Release|Any CPU.ActiveCfg = Release|Any CPU
		{2AED0393-1688-41F5-811E-8F2CF8F09F07}.Release|Any CPU.Build.0 = Release|Any CPU
		{4BB04802-ADBB-43E0-A51F-FD260152B0B8}.Debug|Any CPU.ActiveCfg = Debug|Any CPU
		{4BB04802-ADBB-43E0-A51F-FD260152B0B8}.Debug|Any CPU.Build.0 = Debug|Any CPU
		{4BB04802-ADBB-43E0-A51F-FD260152B0B8}.Release|Any CPU.ActiveCfg = Release|Any CPU
		{4BB04802-ADBB-43E0-A51F-FD260152B0B8}.Release|Any CPU.Build.0 = Release|Any CPU
	EndGlobalSection
	GlobalSection(SolutionProperties) = preSolution
		HideSolutionNode = FALSE
	EndGlobalSection
	GlobalSection(ExtensibilityGlobals) = postSolution
		SolutionGuid = {365E7F44-7171-4BB7-98B2-9B584BB254DA}
	EndGlobalSection
EndGlobal
