
Microsoft Visual Studio Solution File, Format Version 12.00
# Visual Studio 15
VisualStudioVersion = 15.0.28307.329
MinimumVisualStudioVersion = 10.0.40219.1
Project("{FAE04EC0-301F-11D3-BF4B-00C04F79EFBC}") = "RefValueParametersAppp", "RefValueParametersAppp\RefValueParametersAppp.csproj", "{F7DBCFC1-FC78-48F2-B05E-0E3012764734}"
EndProject
Global
	GlobalSection(SolutionConfigurationPlatforms) = preSolution
		Debug|Any CPU = Debug|Any CPU
		Release|Any CPU = Release|Any CPU
	EndGlobalSection
	GlobalSection(ProjectConfigurationPlatforms) = postSolution
		{F7DBCFC1-FC78-48F2-B05E-0E3012764734}.Debug|Any CPU.ActiveCfg = Debug|Any CPU
		{F7DBCFC1-FC78-48F2-B05E-0E3012764734}.Debug|Any CPU.Build.0 = Debug|Any CPU
		{F7DBCFC1-FC78-48F2-B05E-0E3012764734}.Release|Any CPU.ActiveCfg = Release|Any CPU
		{F7DBCFC1-FC78-48F2-B05E-0E3012764734}.Release|Any CPU.Build.0 = Release|Any CPU
	EndGlobalSection
	GlobalSection(SolutionProperties) = preSolution
		HideSolutionNode = FALSE
	EndGlobalSection
	GlobalSection(ExtensibilityGlobals) = postSolution
		SolutionGuid = {54CCECDB-5E90-4EAD-BE9C-9ED5416CA9DC}
	EndGlobalSection
EndGlobal
