
Microsoft Visual Studio Solution File, Format Version 12.00
# Visual Studio 15
VisualStudioVersion = 15.0.28307.168
MinimumVisualStudioVersion = 10.0.40219.1
Project("{FAE04EC0-301F-11D3-BF4B-00C04F79EFBC}") = "Chapter1", "Chapter1.csproj", "{84EF735F-DA5F-4328-A44C-78D4C5C5372A}"
EndProject
Project("{FAE04EC0-301F-11D3-BF4B-00C04F79EFBC}") = "Chapters", "..\Chapter2\Chapters.csproj", "{DA15A203-B387-4F57-B38F-D5C531DC4D4A}"
EndProject
Global
	GlobalSection(SolutionConfigurationPlatforms) = preSolution
		Debug|Any CPU = Debug|Any CPU
		Release|Any CPU = Release|Any CPU
	EndGlobalSection
	GlobalSection(ProjectConfigurationPlatforms) = postSolution
		{84EF735F-DA5F-4328-A44C-78D4C5C5372A}.Debug|Any CPU.ActiveCfg = Debug|Any CPU
		{84EF735F-DA5F-4328-A44C-78D4C5C5372A}.Debug|Any CPU.Build.0 = Debug|Any CPU
		{84EF735F-DA5F-4328-A44C-78D4C5C5372A}.Release|Any CPU.ActiveCfg = Release|Any CPU
		{84EF735F-DA5F-4328-A44C-78D4C5C5372A}.Release|Any CPU.Build.0 = Release|Any CPU
		{DA15A203-B387-4F57-B38F-D5C531DC4D4A}.Debug|Any CPU.ActiveCfg = Debug|Any CPU
		{DA15A203-B387-4F57-B38F-D5C531DC4D4A}.Debug|Any CPU.Build.0 = Debug|Any CPU
		{DA15A203-B387-4F57-B38F-D5C531DC4D4A}.Release|Any CPU.ActiveCfg = Release|Any CPU
		{DA15A203-B387-4F57-B38F-D5C531DC4D4A}.Release|Any CPU.Build.0 = Release|Any CPU
	EndGlobalSection
	GlobalSection(SolutionProperties) = preSolution
		HideSolutionNode = FALSE
	EndGlobalSection
	GlobalSection(ExtensibilityGlobals) = postSolution
		SolutionGuid = {83CF1F49-3A51-4A18-BB33-FFDF57F1F413}
	EndGlobalSection
EndGlobal
